
Microsoft Visual Studio Solution File, Format Version 12.00
# Visual Studio Version 16
VisualStudioVersion = 16.0.34407.143
MinimumVisualStudioVersion = 10.0.40219.1
Project("{FAE04EC0-301F-11D3-BF4B-00C04F79EFBC}") = "Repaso_2dobloque_AM", "Repaso_2dobloque_AM.csproj", "{37D9C6E6-EECF-4FF1-9982-D8C7723FC89E}"
EndProject
Global
	GlobalSection(SolutionConfigurationPlatforms) = preSolution
		Debug|Any CPU = Debug|Any CPU
		Release|Any CPU = Release|Any CPU
	EndGlobalSection
	GlobalSection(ProjectConfigurationPlatforms) = postSolution
		{37D9C6E6-EECF-4FF1-9982-D8C7723FC89E}.Debug|Any CPU.ActiveCfg = Debug|Any CPU
		{37D9C6E6-EECF-4FF1-9982-D8C7723FC89E}.Debug|Any CPU.Build.0 = Debug|Any CPU
		{37D9C6E6-EECF-4FF1-9982-D8C7723FC89E}.Release|Any CPU.ActiveCfg = Release|Any CPU
		{37D9C6E6-EECF-4FF1-9982-D8C7723FC89E}.Release|Any CPU.Build.0 = Release|Any CPU
	EndGlobalSection
	GlobalSection(SolutionProperties) = preSolution
		HideSolutionNode = FALSE
	EndGlobalSection
	GlobalSection(ExtensibilityGlobals) = postSolution
		SolutionGuid = {9586413B-25FD-40F3-B09E-B88A9B6CD369}
	EndGlobalSection
EndGlobal
